
Microsoft Visual Studio Solution File, Format Version 12.00
# Visual Studio 2013
VisualStudioVersion = 12.0.21005.1
MinimumVisualStudioVersion = 10.0.40219.1
Project("{FAE04EC0-301F-11D3-BF4B-00C04F79EFBC}") = "ActiveSoft", "ActiveSoft\ActiveSoft.csproj", "{37F7A1C8-0677-435C-9DA5-F53D8EFF4AA9}"
EndProject
Project("{E24C65DC-7377-472B-9ABA-BC803B73C61A}") = "ActiveServer", "http://localhost:13755", "{99E85C22-1705-42FA-9713-7A865972BE82}"
	ProjectSection(WebsiteProperties) = preProject
		UseIISExpress = "true"
		TargetFrameworkMoniker = ".NETFramework,Version%3Dv4.5"
		Debug.AspNetCompiler.VirtualPath = "/localhost_13755"
		Debug.AspNetCompiler.PhysicalPath = "..\ActiveServer\"
		Debug.AspNetCompiler.TargetPath = "PrecompiledWeb\localhost_13755\"
		Debug.AspNetCompiler.Updateable = "true"
		Debug.AspNetCompiler.ForceOverwrite = "true"
		Debug.AspNetCompiler.FixedNames = "false"
		Debug.AspNetCompiler.Debug = "True"
		Release.AspNetCompiler.VirtualPath = "/localhost_13755"
		Release.AspNetCompiler.PhysicalPath = "..\ActiveServer\"
		Release.AspNetCompiler.TargetPath = "PrecompiledWeb\localhost_13755\"
		Release.AspNetCompiler.Updateable = "true"
		Release.AspNetCompiler.ForceOverwrite = "true"
		Release.AspNetCompiler.FixedNames = "false"
		Release.AspNetCompiler.Debug = "False"
		SlnRelativePath = "..\ActiveServer\"
		DefaultWebSiteLanguage = "Visual C#"
	EndProjectSection
EndProject
Project("{FAE04EC0-301F-11D3-BF4B-00C04F79EFBC}") = "ActiveCode", "..\ActiveCode\ActiveCode.csproj", "{4BA0D9F5-AD6A-4858-B77A-6FC34DBB756B}"
EndProject
Global
	GlobalSection(SolutionConfigurationPlatforms) = preSolution
		Debug|Any CPU = Debug|Any CPU
		Release|Any CPU = Release|Any CPU
	EndGlobalSection
	GlobalSection(ProjectConfigurationPlatforms) = postSolution
		{37F7A1C8-0677-435C-9DA5-F53D8EFF4AA9}.Debug|Any CPU.ActiveCfg = Debug|Any CPU
		{37F7A1C8-0677-435C-9DA5-F53D8EFF4AA9}.Debug|Any CPU.Build.0 = Debug|Any CPU
		{37F7A1C8-0677-435C-9DA5-F53D8EFF4AA9}.Release|Any CPU.ActiveCfg = Release|Any CPU
		{37F7A1C8-0677-435C-9DA5-F53D8EFF4AA9}.Release|Any CPU.Build.0 = Release|Any CPU
		{99E85C22-1705-42FA-9713-7A865972BE82}.Debug|Any CPU.ActiveCfg = Debug|Any CPU
		{99E85C22-1705-42FA-9713-7A865972BE82}.Debug|Any CPU.Build.0 = Debug|Any CPU
		{99E85C22-1705-42FA-9713-7A865972BE82}.Release|Any CPU.ActiveCfg = Debug|Any CPU
		{99E85C22-1705-42FA-9713-7A865972BE82}.Release|Any CPU.Build.0 = Debug|Any CPU
		{4BA0D9F5-AD6A-4858-B77A-6FC34DBB756B}.Debug|Any CPU.ActiveCfg = Debug|Any CPU
		{4BA0D9F5-AD6A-4858-B77A-6FC34DBB756B}.Debug|Any CPU.Build.0 = Debug|Any CPU
		{4BA0D9F5-AD6A-4858-B77A-6FC34DBB756B}.Release|Any CPU.ActiveCfg = Release|Any CPU
		{4BA0D9F5-AD6A-4858-B77A-6FC34DBB756B}.Release|Any CPU.Build.0 = Release|Any CPU
	EndGlobalSection
	GlobalSection(SolutionProperties) = preSolution
		HideSolutionNode = FALSE
	EndGlobalSection
EndGlobal
